
Microsoft Visual Studio Solution File, Format Version 11.00
# Visual Studio 2010
Project("{FAE04EC0-301F-11D3-BF4B-00C04F79EFBC}") = "PhotoBoothV1", "PhotoBoothV1\PhotoBoothV1.csproj", "{5F6DCC42-5D1F-426D-BFA5-173712576426}"
EndProject
Global
	GlobalSection(SolutionConfigurationPlatforms) = preSolution
		Debug|x86 = Debug|x86
		Release|x86 = Release|x86
	EndGlobalSection
	GlobalSection(ProjectConfigurationPlatforms) = postSolution
		{5F6DCC42-5D1F-426D-BFA5-173712576426}.Debug|x86.ActiveCfg = Debug|x86
		{5F6DCC42-5D1F-426D-BFA5-173712576426}.Debug|x86.Build.0 = Debug|x86
		{5F6DCC42-5D1F-426D-BFA5-173712576426}.Release|x86.ActiveCfg = Release|x86
		{5F6DCC42-5D1F-426D-BFA5-173712576426}.Release|x86.Build.0 = Release|x86
	EndGlobalSection
	GlobalSection(MonoDevelopProperties) = preSolution
		StartupItem = PhotoBoothV1\PhotoBoothV1.csproj
	EndGlobalSection
EndGlobal
